
Microsoft Visual Studio Solution File, Format Version 12.00
# Visual Studio Version 17
VisualStudioVersion = 17.6.33829.357
MinimumVisualStudioVersion = 10.0.40219.1
Project("{FAE04EC0-301F-11D3-BF4B-00C04F79EFBC}") = "ClienteMVC", "ClienteMVC\ClienteMVC.csproj", "{B954B407-B691-4CAB-9FFE-C84FBFF089E3}"
EndProject
Global
	GlobalSection(SolutionConfigurationPlatforms) = preSolution
		Debug|Any CPU = Debug|Any CPU
		Release|Any CPU = Release|Any CPU
	EndGlobalSection
	GlobalSection(ProjectConfigurationPlatforms) = postSolution
		{B954B407-B691-4CAB-9FFE-C84FBFF089E3}.Debug|Any CPU.ActiveCfg = Debug|Any CPU
		{B954B407-B691-4CAB-9FFE-C84FBFF089E3}.Debug|Any CPU.Build.0 = Debug|Any CPU
		{B954B407-B691-4CAB-9FFE-C84FBFF089E3}.Release|Any CPU.ActiveCfg = Release|Any CPU
		{B954B407-B691-4CAB-9FFE-C84FBFF089E3}.Release|Any CPU.Build.0 = Release|Any CPU
	EndGlobalSection
	GlobalSection(SolutionProperties) = preSolution
		HideSolutionNode = FALSE
	EndGlobalSection
	GlobalSection(ExtensibilityGlobals) = postSolution
		SolutionGuid = {BE67ABDF-0DC3-4C20-A203-DED4FBA51A61}
	EndGlobalSection
EndGlobal
